
Microsoft Visual Studio Solution File, Format Version 12.00
# Visual Studio Version 16
VisualStudioVersion = 16.0.29424.173
MinimumVisualStudioVersion = 15.0.26124.0
Project("{9A19103F-16F7-4668-BE54-9A1E7A4F7556}") = "webapi", "src\webapi\webapi.csproj", "{9CE4B6B0-2589-4426-9EFC-83CB792CD211}"
EndProject
Project("{2150E333-8FDC-42A3-9474-1A3956D46DE8}") = "src", "src", "{32078592-7FF7-49C2-813F-E832326E1A23}"
EndProject
Project("{2150E333-8FDC-42A3-9474-1A3956D46DE8}") = "tests", "tests", "{30B99511-DB20-429B-A080-9CAEB37149A1}"
EndProject
Project("{9A19103F-16F7-4668-BE54-9A1E7A4F7556}") = "PhpChallengeTests", "tests\PhpChallengeTests\PhpChallengeTests.csproj", "{BD2A99CD-AB24-4F95-B8E2-99CF70C862BA}"
EndProject
Global
	GlobalSection(SolutionConfigurationPlatforms) = preSolution
		Debug|Any CPU = Debug|Any CPU
		Release|Any CPU = Release|Any CPU
	EndGlobalSection
	GlobalSection(ProjectConfigurationPlatforms) = postSolution
		{9CE4B6B0-2589-4426-9EFC-83CB792CD211}.Debug|Any CPU.ActiveCfg = Debug|Any CPU
		{9CE4B6B0-2589-4426-9EFC-83CB792CD211}.Debug|Any CPU.Build.0 = Debug|Any CPU
		{9CE4B6B0-2589-4426-9EFC-83CB792CD211}.Release|Any CPU.ActiveCfg = Release|Any CPU
		{9CE4B6B0-2589-4426-9EFC-83CB792CD211}.Release|Any CPU.Build.0 = Release|Any CPU
		{BD2A99CD-AB24-4F95-B8E2-99CF70C862BA}.Debug|Any CPU.ActiveCfg = Debug|Any CPU
		{BD2A99CD-AB24-4F95-B8E2-99CF70C862BA}.Debug|Any CPU.Build.0 = Debug|Any CPU
		{BD2A99CD-AB24-4F95-B8E2-99CF70C862BA}.Release|Any CPU.ActiveCfg = Release|Any CPU
		{BD2A99CD-AB24-4F95-B8E2-99CF70C862BA}.Release|Any CPU.Build.0 = Release|Any CPU
	EndGlobalSection
	GlobalSection(SolutionProperties) = preSolution
		HideSolutionNode = FALSE
	EndGlobalSection
	GlobalSection(NestedProjects) = preSolution
		{9CE4B6B0-2589-4426-9EFC-83CB792CD211} = {32078592-7FF7-49C2-813F-E832326E1A23}
		{BD2A99CD-AB24-4F95-B8E2-99CF70C862BA} = {30B99511-DB20-429B-A080-9CAEB37149A1}
	EndGlobalSection
	GlobalSection(ExtensibilityGlobals) = postSolution
		SolutionGuid = {766FFADB-9BC6-480B-8632-2CDC5A58DC6F}
	EndGlobalSection
EndGlobal
